
Microsoft Visual Studio Solution File, Format Version 12.00
# Visual Studio 14
VisualStudioVersion = 14.0.25420.1
MinimumVisualStudioVersion = 10.0.40219.1
Project("{2150E333-8FDC-42A3-9474-1A3956D46DE8}") = "src", "src", "{5A7D8E82-DA23-4DBD-9FFC-581300113234}"
EndProject
Project("{2150E333-8FDC-42A3-9474-1A3956D46DE8}") = "Solution Items", "Solution Items", "{E1D93DB2-26D3-4808-AB65-E4DE39541369}"
	ProjectSection(SolutionItems) = preProject
		global.json = global.json
	EndProjectSection
EndProject
Project("{8BB2217D-0F2D-49D1-97BC-3654ED321F3B}") = "MSIS4363-GroupProject", "src\MSIS4363-GroupProject\MSIS4363-GroupProject.xproj", "{DD24B5EB-EB02-4DFE-9C6E-CDC10FD25A27}"
EndProject
Global
	GlobalSection(SolutionConfigurationPlatforms) = preSolution
		Debug|Any CPU = Debug|Any CPU
		Release|Any CPU = Release|Any CPU
	EndGlobalSection
	GlobalSection(ProjectConfigurationPlatforms) = postSolution
		{DD24B5EB-EB02-4DFE-9C6E-CDC10FD25A27}.Debug|Any CPU.ActiveCfg = Debug|Any CPU
		{DD24B5EB-EB02-4DFE-9C6E-CDC10FD25A27}.Debug|Any CPU.Build.0 = Debug|Any CPU
		{DD24B5EB-EB02-4DFE-9C6E-CDC10FD25A27}.Release|Any CPU.ActiveCfg = Release|Any CPU
		{DD24B5EB-EB02-4DFE-9C6E-CDC10FD25A27}.Release|Any CPU.Build.0 = Release|Any CPU
	EndGlobalSection
	GlobalSection(SolutionProperties) = preSolution
		HideSolutionNode = FALSE
	EndGlobalSection
	GlobalSection(NestedProjects) = preSolution
		{DD24B5EB-EB02-4DFE-9C6E-CDC10FD25A27} = {5A7D8E82-DA23-4DBD-9FFC-581300113234}
	EndGlobalSection
EndGlobal
